{
  "name": "dduportal-bats",
  "version": "1.0.0",
  "lockfileVersion": 1,
  "requires": true,
  "dependencies": {
    "bats": {
      "version": "0.4.2",
      "resolved": "https://registry.npmjs.org/bats/-/bats-0.4.2.tgz",
      "integrity": "sha1-gfIiu8uwg9FSiz6IMKbo8xSHbsY=",
      "dev": true
    },
    "bats-assert": {
      "version": "git+https://github.com/ztombol/bats-assert.git#cf1718da00bf1a7d33186ef13bb21841a77861c6",
      "dev": true
    },
    "bats-file": {
      "version": "git+https://github.com/ztombol/bats-file.git#2fddb2b831d65cdf2e411f3b47f4677fbb15729c",
      "dev": true
    },
    "bats-support": {
      "version": "git+https://github.com/ztombol/bats-support.git#24a72e14349690bcbf7c151b9d2d1cdd32d36eb1",
      "dev": true
    }
  }
}
